
Microsoft Visual Studio Solution File, Format Version 12.00
# Visual Studio Version 17
VisualStudioVersion = 17.14.36518.9 d17.14
MinimumVisualStudioVersion = 10.0.40219.1
Project("{8BC9CEB8-8B4A-11D0-8D11-00A0C91BC942}") = "Constructors", "Constructors\Constructors.vcxproj", "{62D4A3AA-E7EA-417C-88EF-DE8231DA3D4E}"
EndProject
Global
	GlobalSection(SolutionConfigurationPlatforms) = preSolution
		Debug|x64 = Debug|x64
		Debug|x86 = Debug|x86
		Release|x64 = Release|x64
		Release|x86 = Release|x86
	EndGlobalSection
	GlobalSection(ProjectConfigurationPlatforms) = postSolution
		{62D4A3AA-E7EA-417C-88EF-DE8231DA3D4E}.Debug|x64.ActiveCfg = Debug|x64
		{62D4A3AA-E7EA-417C-88EF-DE8231DA3D4E}.Debug|x64.Build.0 = Debug|x64
		{62D4A3AA-E7EA-417C-88EF-DE8231DA3D4E}.Debug|x86.ActiveCfg = Debug|Win32
		{62D4A3AA-E7EA-417C-88EF-DE8231DA3D4E}.Debug|x86.Build.0 = Debug|Win32
		{62D4A3AA-E7EA-417C-88EF-DE8231DA3D4E}.Release|x64.ActiveCfg = Release|x64
		{62D4A3AA-E7EA-417C-88EF-DE8231DA3D4E}.Release|x64.Build.0 = Release|x64
		{62D4A3AA-E7EA-417C-88EF-DE8231DA3D4E}.Release|x86.ActiveCfg = Release|Win32
		{62D4A3AA-E7EA-417C-88EF-DE8231DA3D4E}.Release|x86.Build.0 = Release|Win32
	EndGlobalSection
	GlobalSection(SolutionProperties) = preSolution
		HideSolutionNode = FALSE
	EndGlobalSection
	GlobalSection(ExtensibilityGlobals) = postSolution
		SolutionGuid = {398DF93A-054D-4F8E-827B-F97AEB579B0C}
	EndGlobalSection
EndGlobal
